// !$*UTF8*$!
{
	archiveVersion = 1;
	classes = {
	};
	objectVersion = 46;
	objects = {

/* Begin PBXBuildFile section */
		E16FD28D1457618A00A0AAD0 /* main.cpp in Sources */ = {isa = PBXBuildFile; fileRef = E16FD28C1457618A00A0AAD0 /* main.cpp */; };
		E16FD28F1457618A00A0AAD0 /* EuclideanAlgorithm.1 in CopyFiles */ = {isa = PBXBuildFile; fileRef = E16FD28E1457618A00A0AAD0 /* EuclideanAlgorithm.1 */; };
		E1C2F2D31458C3A1006CCBDA /* argFunctions.cpp in Sources */ = {isa = PBXBuildFile; fileRef = E1C2F2D21458C3A1006CCBDA /* argFunctions.cpp */; };
/* End PBXBuildFile section */

/* Begin PBXCopyFilesBuildPhase section */
		E16FD2861457618A00A0AAD0 /* CopyFiles */ = {
			isa = PBXCopyFilesBuildPhase;
			buildActionMask = 2147483647;
			dstPath = /usr/share/man/man1/;
			dstSubfolderSpec = 0;
			files = (
				E16FD28F1457618A00A0AAD0 /* EuclideanAlgorithm.1 in CopyFiles */,
			);
			runOnlyForDeploymentPostprocessing = 1;
		};
/* End PBXCopyFilesBuildPhase section */

/* Begin PBXFileReference section */
		E16FD2881457618A00A0AAD0 /* EuclideanAlgorithm */ = {isa = PBXFileReference; explicitFileType = "compiled.mach-o.executable"; includeInIndex = 0; path = EuclideanAlgorithm; sourceTree = BUILT_PRODUCTS_DIR; };
		E16FD28C1457618A00A0AAD0 /* main.cpp */ = {isa = PBXFileReference; lastKnownFileType = sourcecode.cpp.cpp; path = main.cpp; sourceTree = "<group>"; };
		E16FD28E1457618A00A0AAD0 /* EuclideanAlgorithm.1 */ = {isa = PBXFileReference; lastKnownFileType = text.man; path = EuclideanAlgorithm.1; sourceTree = "<group>"; };
		E1C2F2D21458C3A1006CCBDA /* argFunctions.cpp */ = {isa = PBXFileReference; fileEncoding = 4; lastKnownFileType = sourcecode.cpp.cpp; path = argFunctions.cpp; sourceTree = "<group>"; };
		E1C2F2D51458C44A006CCBDA /* argFunctions.h */ = {isa = PBXFileReference; fileEncoding = 4; lastKnownFileType = sourcecode.c.h; path = argFunctions.h; sourceTree = "<group>"; };
/* End PBXFileReference section */

/* Begin PBXFrameworksBuildPhase section */
		E16FD2851457618A00A0AAD0 /* Frameworks */ = {
			isa = PBXFrameworksBuildPhase;
			buildActionMask = 2147483647;
			files = (
			);
			runOnlyForDeploymentPostprocessing = 0;
		};
/* End PBXFrameworksBuildPhase section */

/* Begin PBXGroup section */
		E16FD27D1457618A00A0AAD0 = {
			isa = PBXGroup;
			children = (
				E16FD28B1457618A00A0AAD0 /* EuclideanAlgorithm */,
				E16FD2891457618A00A0AAD0 /* Products */,
			);
			sourceTree = "<group>";
		};
		E16FD2891457618A00A0AAD0 /* Products */ = {
			isa = PBXGroup;
			children = (
				E16FD2881457618A00A0AAD0 /* EuclideanAlgorithm */,
			);
			name = Products;
			sourceTree = "<group>";
		};
		E16FD28B1457618A00A0AAD0 /* EuclideanAlgorithm */ = {
			isa = PBXGroup;
			children = (
				E16FD28C1457618A00A0AAD0 /* main.cpp */,
				E1C2F2D21458C3A1006CCBDA /* argFunctions.cpp */,
				E1C2F2D51458C44A006CCBDA /* argFunctions.h */,
				E16FD28E1457618A00A0AAD0 /* EuclideanAlgorithm.1 */,
			);
			path = EuclideanAlgorithm;
			sourceTree = "<group>";
		};
/* End PBXGroup section */

/* Begin PBXNativeTarget section */
		E16FD2871457618A00A0AAD0 /* EuclideanAlgorithm */ = {
			isa = PBXNativeTarget;
			buildConfigurationList = E16FD2921457618A00A0AAD0 /* Build configuration list for PBXNativeTarget "EuclideanAlgorithm" */;
			buildPhases = (
				E16FD2841457618A00A0AAD0 /* Sources */,
				E16FD2851457618A00A0AAD0 /* Frameworks */,
				E16FD2861457618A00A0AAD0 /* CopyFiles */,
			);
			buildRules = (
			);
			dependencies = (
			);
			name = EuclideanAlgorithm;
			productName = EuclideanAlgorithm;
			productReference = E16FD2881457618A00A0AAD0 /* EuclideanAlgorithm */;
			productType = "com.apple.product-type.tool";
		};
/* End PBXNativeTarget section */

/* Begin PBXProject section */
		E16FD27F1457618A00A0AAD0 /* Project object */ = {
			isa = PBXProject;
			buildConfigurationList = E16FD2821457618A00A0AAD0 /* Build configuration list for PBXProject "EuclideanAlgorithm" */;
			compatibilityVersion = "Xcode 3.2";
			developmentRegion = English;
			hasScannedForEncodings = 0;
			knownRegions = (
				en,
			);
			mainGroup = E16FD27D1457618A00A0AAD0;
			productRefGroup = E16FD2891457618A00A0AAD0 /* Products */;
			projectDirPath = "";
			projectRoot = "";
			targets = (
				E16FD2871457618A00A0AAD0 /* EuclideanAlgorithm */,
			);
		};
/* End PBXProject section */

/* Begin PBXSourcesBuildPhase section */
		E16FD2841457618A00A0AAD0 /* Sources */ = {
			isa = PBXSourcesBuildPhase;
			buildActionMask = 2147483647;
			files = (
				E16FD28D1457618A00A0AAD0 /* main.cpp in Sources */,
				E1C2F2D31458C3A1006CCBDA /* argFunctions.cpp in Sources */,
			);
			runOnlyForDeploymentPostprocessing = 0;
		};
/* End PBXSourcesBuildPhase section */

/* Begin XCBuildConfiguration section */
		E16FD2901457618A00A0AAD0 /* Debug */ = {
			isa = XCBuildConfiguration;
			buildSettings = {
				ALWAYS_SEARCH_USER_PATHS = NO;
				ARCHS = "$(ARCHS_STANDARD_64_BIT)";
				COPY_PHASE_STRIP = NO;
				GCC_C_LANGUAGE_STANDARD = gnu99;
				GCC_DYNAMIC_NO_PIC = NO;
				GCC_ENABLE_OBJC_EXCEPTIONS = YES;
				GCC_OPTIMIZATION_LEVEL = 0;
				GCC_PREPROCESSOR_DEFINITIONS = (
					"DEBUG=1",
					"$(inherited)",
				);
				GCC_SYMBOLS_PRIVATE_EXTERN = NO;
				GCC_VERSION = com.apple.compilers.llvm.clang.1_0;
				GCC_WARN_64_TO_32_BIT_CONVERSION = YES;
				GCC_WARN_ABOUT_MISSING_PROTOTYPES = YES;
				GCC_WARN_ABOUT_RETURN_TYPE = YES;
				GCC_WARN_UNUSED_VARIABLE = YES;
				MACOSX_DEPLOYMENT_TARGET = 10.7;
				ONLY_ACTIVE_ARCH = YES;
				SDKROOT = macosx;
			};
			name = Debug;
		};
		E16FD2911457618A00A0AAD0 /* Release */ = {
			isa = XCBuildConfiguration;
			buildSettings = {
				ALWAYS_SEARCH_USER_PATHS = NO;
				ARCHS = "$(ARCHS_STANDARD_64_BIT)";
				COPY_PHASE_STRIP = YES;
				DEBUG_INFORMATION_FORMAT = "dwarf-with-dsym";
				GCC_C_LANGUAGE_STANDARD = gnu99;
				GCC_ENABLE_OBJC_EXCEPTIONS = YES;
				GCC_VERSION = com.apple.compilers.llvm.clang.1_0;
				GCC_WARN_64_TO_32_BIT_CONVERSION = YES;
				GCC_WARN_ABOUT_MISSING_PROTOTYPES = YES;
				GCC_WARN_ABOUT_RETURN_TYPE = YES;
				GCC_WARN_UNUSED_VARIABLE = YES;
				MACOSX_DEPLOYMENT_TARGET = 10.7;
				SDKROOT = macosx;
			};
			name = Release;
		};
		E16FD2931457618A00A0AAD0 /* Debug */ = {
			isa = XCBuildConfiguration;
			buildSettings = {
				PRODUCT_NAME = "$(TARGET_NAME)";
			};
			name = Debug;
		};
		E16FD2941457618A00A0AAD0 /* Release */ = {
			isa = XCBuildConfiguration;
			buildSettings = {
				PRODUCT_NAME = "$(TARGET_NAME)";
			};
			name = Release;
		};
/* End XCBuildConfiguration section */

/* Begin XCConfigurationList section */
		E16FD2821457618A00A0AAD0 /* Build configuration list for PBXProject "EuclideanAlgorithm" */ = {
			isa = XCConfigurationList;
			buildConfigurations = (
				E16FD2901457618A00A0AAD0 /* Debug */,
				E16FD2911457618A00A0AAD0 /* Release */,
			);
			defaultConfigurationIsVisible = 0;
			defaultConfigurationName = Release;
		};
		E16FD2921457618A00A0AAD0 /* Build configuration list for PBXNativeTarget "EuclideanAlgorithm" */ = {
			isa = XCConfigurationList;
			buildConfigurations = (
				E16FD2931457618A00A0AAD0 /* Debug */,
				E16FD2941457618A00A0AAD0 /* Release */,
			);
			defaultConfigurationIsVisible = 0;
			defaultConfigurationName = Release;
		};
/* End XCConfigurationList section */
	};
	rootObject = E16FD27F1457618A00A0AAD0 /* Project object */;
}
